{
    "version": 3,
    "terraform_version": "0.11.7",
    "serial": 3,
    "lineage": "f3316d79-081c-18d4-3a98-d14794abcb1a",
    "modules": [
        {
            "path": [
                "root"
            ],
            "outputs": {},
            "resources": {},
            "depends_on": []
        },
        {
            "path": [
                "root",
                "api"
            ],
            "outputs": {
                "base_url": {
                    "sensitive": false,
                    "type": "string",
                    "value": "https://x29gstrrli.execute-api.us-west-2.amazonaws.com/dev"
                }
            },
            "resources": {
                "aws_api_gateway_deployment.blog_posts_deployment": {
                    "type": "aws_api_gateway_deployment",
                    "depends_on": [
                        "aws_api_gateway_integration.blog_posts_integration",
                        "aws_api_gateway_rest_api.blog_posts_api"
                    ],
                    "primary": {
                        "id": "i09a6q",
                        "attributes": {
                            "created_date": "2018-07-12T22:41:58Z",
                            "description": "",
                            "execution_arn": "arn:aws:execute-api:us-west-2:488693510602:x29gstrrli/dev",
                            "id": "i09a6q",
                            "invoke_url": "https://x29gstrrli.execute-api.us-west-2.amazonaws.com/dev",
                            "rest_api_id": "x29gstrrli",
                            "stage_name": "dev"
                        },
                        "meta": {},
                        "tainted": false
                    },
                    "deposed": [],
                    "provider": "provider.aws"
                },
                "aws_api_gateway_integration.blog_posts_integration": {
                    "type": "aws_api_gateway_integration",
                    "depends_on": [
                        "aws_api_gateway_method.blog_posts_index_method",
                        "aws_api_gateway_rest_api.blog_posts_api",
                        "aws_lambda_function.posts_index"
                    ],
                    "primary": {
                        "id": "agi-x29gstrrli-ysg5eo-GET",
                        "attributes": {
                            "cache_key_parameters.#": "0",
                            "cache_namespace": "ysg5eo",
                            "connection_id": "",
                            "connection_type": "INTERNET",
                            "http_method": "GET",
                            "id": "agi-x29gstrrli-ysg5eo-GET",
                            "integration_http_method": "POST",
                            "passthrough_behavior": "WHEN_NO_MATCH",
                            "request_parameters.%": "0",
                            "request_templates.%": "0",
                            "resource_id": "ysg5eo",
                            "rest_api_id": "x29gstrrli",
                            "type": "AWS_PROXY",
                            "uri": "arn:aws:apigateway:us-west-2:lambda:path/2015-03-31/functions/arn:aws:lambda:us-west-2:488693510602:function:BlogPostsIndex/invocations"
                        },
                        "meta": {},
                        "tainted": false
                    },
                    "deposed": [],
                    "provider": "provider.aws"
                },
                "aws_api_gateway_method.blog_posts_index_method": {
                    "type": "aws_api_gateway_method",
                    "depends_on": [
                        "aws_api_gateway_resource.blog_posts_resource",
                        "aws_api_gateway_rest_api.blog_posts_api"
                    ],
                    "primary": {
                        "id": "agm-x29gstrrli-ysg5eo-GET",
                        "attributes": {
                            "api_key_required": "false",
                            "authorization": "NONE",
                            "authorization_scopes.#": "0",
                            "authorizer_id": "",
                            "http_method": "GET",
                            "id": "agm-x29gstrrli-ysg5eo-GET",
                            "request_models.%": "0",
                            "request_parameters.%": "0",
                            "request_validator_id": "",
                            "resource_id": "ysg5eo",
                            "rest_api_id": "x29gstrrli"
                        },
                        "meta": {},
                        "tainted": false
                    },
                    "deposed": [],
                    "provider": "provider.aws"
                },
                "aws_api_gateway_resource.blog_posts_resource": {
                    "type": "aws_api_gateway_resource",
                    "depends_on": [
                        "aws_api_gateway_rest_api.blog_posts_api"
                    ],
                    "primary": {
                        "id": "ysg5eo",
                        "attributes": {
                            "id": "ysg5eo",
                            "parent_id": "178ykv4eq4",
                            "path": "/posts",
                            "path_part": "posts",
                            "rest_api_id": "x29gstrrli"
                        },
                        "meta": {},
                        "tainted": false
                    },
                    "deposed": [],
                    "provider": "provider.aws"
                },
                "aws_api_gateway_rest_api.blog_posts_api": {
                    "type": "aws_api_gateway_rest_api",
                    "depends_on": [],
                    "primary": {
                        "id": "x29gstrrli",
                        "attributes": {
                            "api_key_source": "HEADER",
                            "binary_media_types.#": "0",
                            "created_date": "2018-07-12T22:41:30Z",
                            "description": "Endpoint for the Serverless Blog application.",
                            "endpoint_configuration.#": "1",
                            "endpoint_configuration.0.types.#": "1",
                            "endpoint_configuration.0.types.0": "EDGE",
                            "execution_arn": "arn:aws:execute-api:us-west-2:488693510602:x29gstrrli",
                            "id": "x29gstrrli",
                            "minimum_compression_size": "-1",
                            "name": "BlogPostsApi",
                            "policy": "",
                            "root_resource_id": "178ykv4eq4"
                        },
                        "meta": {},
                        "tainted": false
                    },
                    "deposed": [],
                    "provider": "provider.aws"
                },
                "aws_dynamodb_table.basic_dynamodb_table": {
                    "type": "aws_dynamodb_table",
                    "depends_on": [],
                    "primary": {
                        "id": "Posts",
                        "attributes": {
                            "arn": "arn:aws:dynamodb:us-west-2:488693510602:table/Posts",
                            "attribute.#": "1",
                            "attribute.2626745071.name": "Link",
                            "attribute.2626745071.type": "S",
                            "global_secondary_index.#": "0",
                            "hash_key": "Link",
                            "id": "Posts",
                            "local_secondary_index.#": "0",
                            "name": "Posts",
                            "point_in_time_recovery.#": "1",
                            "point_in_time_recovery.0.enabled": "false",
                            "read_capacity": "25",
                            "server_side_encryption.#": "0",
                            "stream_arn": "",
                            "stream_enabled": "false",
                            "stream_label": "",
                            "stream_view_type": "",
                            "tags.%": "2",
                            "tags.Environment": "dev",
                            "tags.Name": "blog-post-api-dynamodb-table",
                            "ttl.#": "0",
                            "write_capacity": "25"
                        },
                        "meta": {
                            "e2bfb730-ecaa-11e6-8f88-34363bc7c4c0": {
                                "create": 600000000000,
                                "delete": 600000000000,
                                "update": 600000000000
                            },
                            "schema_version": "1"
                        },
                        "tainted": false
                    },
                    "deposed": [],
                    "provider": "provider.aws"
                },
                "aws_iam_role.blog_posts_lambda_exec": {
                    "type": "aws_iam_role",
                    "depends_on": [],
                    "primary": {
                        "id": "BlogLambdaPolicy",
                        "attributes": {
                            "arn": "arn:aws:iam::488693510602:role/BlogLambdaPolicy",
                            "assume_role_policy": "{\"Version\":\"2012-10-17\",\"Statement\":[{\"Sid\":\"\",\"Effect\":\"Allow\",\"Principal\":{\"Service\":\"lambda.amazonaws.com\"},\"Action\":\"sts:AssumeRole\"}]}",
                            "create_date": "2018-07-12T22:41:30Z",
                            "force_detach_policies": "false",
                            "id": "BlogLambdaPolicy",
                            "max_session_duration": "3600",
                            "name": "BlogLambdaPolicy",
                            "path": "/",
                            "unique_id": "AROAI4Q4OK6E3IXRX22XI"
                        },
                        "meta": {},
                        "tainted": false
                    },
                    "deposed": [],
                    "provider": "provider.aws"
                },
                "aws_iam_role_policy.blog_posts_dynamo_db_read_only": {
                    "type": "aws_iam_role_policy",
                    "depends_on": [
                        "aws_dynamodb_table.basic_dynamodb_table",
                        "aws_iam_role.blog_posts_lambda_exec"
                    ],
                    "primary": {
                        "id": "BlogLambdaPolicy:BlogDynamoReadOnlyDBPolicy",
                        "attributes": {
                            "id": "BlogLambdaPolicy:BlogDynamoReadOnlyDBPolicy",
                            "name": "BlogDynamoReadOnlyDBPolicy",
                            "policy": "{\n    \"Version\": \"2008-10-17\",\n    \"Statement\": [\n        {\n            \"Action\": \"dynamodb:*\",\n            \"Effect\": \"Allow\",\n            \"Resource\": \"arn:aws:dynamodb:us-west-2:488693510602:table/Posts\",\n            \"Sid\": \"\"\n        }\n    ]\n}\n",
                            "role": "BlogLambdaPolicy"
                        },
                        "meta": {},
                        "tainted": false
                    },
                    "deposed": [],
                    "provider": "provider.aws"
                },
                "aws_iam_role_policy.cloud_watch": {
                    "type": "aws_iam_role_policy",
                    "depends_on": [
                        "aws_iam_role.blog_posts_lambda_exec"
                    ],
                    "primary": {
                        "id": "BlogLambdaPolicy:BlogCloudWatchLoggingPolicy",
                        "attributes": {
                            "id": "BlogLambdaPolicy:BlogCloudWatchLoggingPolicy",
                            "name": "BlogCloudWatchLoggingPolicy",
                            "policy": "{\n    \"Version\": \"2012-10-17\",\n    \"Statement\": [\n        {\n            \"Effect\": \"Allow\",\n            \"Action\": [\n                \"logs:CreateLogGroup\",\n                \"logs:CreateLogStream\",\n                \"logs:PutLogEvents\"\n            ],\n            \"Resource\": \"*\"\n        }\n    ]\n}\n",
                            "role": "BlogLambdaPolicy"
                        },
                        "meta": {},
                        "tainted": false
                    },
                    "deposed": [],
                    "provider": "provider.aws"
                },
                "aws_lambda_function.posts_index": {
                    "type": "aws_lambda_function",
                    "depends_on": [
                        "aws_iam_role.blog_posts_lambda_exec",
                        "aws_s3_bucket.lambda_bucket",
                        "aws_s3_bucket_object.lambda_code"
                    ],
                    "primary": {
                        "id": "BlogPostsIndex",
                        "attributes": {
                            "arn": "arn:aws:lambda:us-west-2:488693510602:function:BlogPostsIndex",
                            "dead_letter_config.#": "0",
                            "description": "",
                            "environment.#": "0",
                            "function_name": "BlogPostsIndex",
                            "handler": "index.handleIndex",
                            "id": "BlogPostsIndex",
                            "invoke_arn": "arn:aws:apigateway:us-west-2:lambda:path/2015-03-31/functions/arn:aws:lambda:us-west-2:488693510602:function:BlogPostsIndex/invocations",
                            "kms_key_arn": "",
                            "last_modified": "2018-07-12T22:41:59.163+0000",
                            "memory_size": "128",
                            "publish": "false",
                            "qualified_arn": "arn:aws:lambda:us-west-2:488693510602:function:BlogPostsIndex:$LATEST",
                            "reserved_concurrent_executions": "0",
                            "role": "arn:aws:iam::488693510602:role/BlogLambdaPolicy",
                            "runtime": "nodejs8.10",
                            "s3_bucket": "l33t-h4x-for-im.doing.science",
                            "s3_key": "api.zip",
                            "source_code_hash": "1zcfOCcb1SXLiFixHIi2ucF58BI/xE1Q9QuNH2kd8LY=",
                            "source_code_size": "5472418",
                            "tags.%": "0",
                            "timeout": "3",
                            "tracing_config.#": "1",
                            "tracing_config.0.mode": "PassThrough",
                            "version": "$LATEST",
                            "vpc_config.#": "0"
                        },
                        "meta": {},
                        "tainted": false
                    },
                    "deposed": [],
                    "provider": "provider.aws"
                },
                "aws_lambda_permission.apigw": {
                    "type": "aws_lambda_permission",
                    "depends_on": [
                        "aws_api_gateway_deployment.blog_posts_deployment",
                        "aws_lambda_function.posts_index"
                    ],
                    "primary": {
                        "id": "AllowAPIGatewayInvoke",
                        "attributes": {
                            "action": "lambda:InvokeFunction",
                            "function_name": "arn:aws:lambda:us-west-2:488693510602:function:BlogPostsIndex",
                            "id": "AllowAPIGatewayInvoke",
                            "principal": "apigateway.amazonaws.com",
                            "qualifier": "",
                            "source_arn": "arn:aws:execute-api:us-west-2:488693510602:x29gstrrli/dev/*/*",
                            "statement_id": "AllowAPIGatewayInvoke"
                        },
                        "meta": {},
                        "tainted": false
                    },
                    "deposed": [],
                    "provider": "provider.aws"
                },
                "aws_s3_bucket.lambda_bucket": {
                    "type": "aws_s3_bucket",
                    "depends_on": [],
                    "primary": {
                        "id": "l33t-h4x-for-im.doing.science",
                        "attributes": {
                            "acceleration_status": "",
                            "acl": "public-read",
                            "arn": "arn:aws:s3:::l33t-h4x-for-im.doing.science",
                            "bucket": "l33t-h4x-for-im.doing.science",
                            "bucket_domain_name": "l33t-h4x-for-im.doing.science.s3.amazonaws.com",
                            "bucket_regional_domain_name": "l33t-h4x-for-im.doing.science.s3.us-west-2.amazonaws.com",
                            "cors_rule.#": "0",
                            "force_destroy": "true",
                            "hosted_zone_id": "Z3BJ6K6RIION7M",
                            "id": "l33t-h4x-for-im.doing.science",
                            "logging.#": "0",
                            "region": "us-west-2",
                            "replication_configuration.#": "0",
                            "request_payer": "BucketOwner",
                            "server_side_encryption_configuration.#": "0",
                            "tags.%": "0",
                            "versioning.#": "1",
                            "versioning.0.enabled": "false",
                            "versioning.0.mfa_delete": "false",
                            "website.#": "0"
                        },
                        "meta": {},
                        "tainted": false
                    },
                    "deposed": [],
                    "provider": "provider.aws"
                },
                "aws_s3_bucket_object.lambda_code": {
                    "type": "aws_s3_bucket_object",
                    "depends_on": [
                        "aws_s3_bucket.lambda_bucket"
                    ],
                    "primary": {
                        "id": "api.zip",
                        "attributes": {
                            "acl": "private",
                            "bucket": "l33t-h4x-for-im.doing.science",
                            "cache_control": "",
                            "content_disposition": "",
                            "content_encoding": "",
                            "content_language": "",
                            "content_type": "binary/octet-stream",
                            "etag": "3a1ccfb9f08d5379173fac7a2fad12ea",
                            "id": "api.zip",
                            "key": "api.zip",
                            "server_side_encryption": "",
                            "source": "/lambda_ready_app/api.zip",
                            "storage_class": "STANDARD",
                            "tags.%": "0",
                            "version_id": "",
                            "website_redirect": ""
                        },
                        "meta": {},
                        "tainted": false
                    },
                    "deposed": [],
                    "provider": "provider.aws"
                }
            },
            "depends_on": []
        }
    ]
}
